// !$*UTF8*$!
{
	archiveVersion = 1;
	classes = {
	};
	objectVersion = 46;
	objects = {

/* Begin PBXBuildFile section */
		4FC5F117C299606E2BB10275 /* Pods_SupTrackerTests.framework in Frameworks */ = {isa = PBXBuildFile; fileRef = 587BDCDCBF0E631255BE7F8E /* Pods_SupTrackerTests.framework */; };
		68CC23DD0D61959CF1046D5E /* Pods_SupTrackerUITests.framework in Frameworks */ = {isa = PBXBuildFile; fileRef = E0A77339E8CDC0A9EECAF643 /* Pods_SupTrackerUITests.framework */; };
		E1D8DA4AEF43F51C93224DAB /* Pods_SupTracker.framework in Frameworks */ = {isa = PBXBuildFile; fileRef = 63F6F76E39EEEB85C3062B54 /* Pods_SupTracker.framework */; };
		F1175BFA1FE2E1D6000BCBCF /* AppDelegate.swift in Sources */ = {isa = PBXBuildFile; fileRef = F1175BF91FE2E1D6000BCBCF /* AppDelegate.swift */; };
		F1175BFC1FE2E1D6000BCBCF /* ViewController.swift in Sources */ = {isa = PBXBuildFile; fileRef = F1175BFB1FE2E1D6000BCBCF /* ViewController.swift */; };
		F1175BFF1FE2E1D7000BCBCF /* Main.storyboard in Resources */ = {isa = PBXBuildFile; fileRef = F1175BFD1FE2E1D7000BCBCF /* Main.storyboard */; };
		F1175C011FE2E1D7000BCBCF /* Assets.xcassets in Resources */ = {isa = PBXBuildFile; fileRef = F1175C001FE2E1D7000BCBCF /* Assets.xcassets */; };
		F1175C041FE2E1D7000BCBCF /* LaunchScreen.storyboard in Resources */ = {isa = PBXBuildFile; fileRef = F1175C021FE2E1D7000BCBCF /* LaunchScreen.storyboard */; };
		F1175C0F1FE2E1D7000BCBCF /* SupTrackerTests.swift in Sources */ = {isa = PBXBuildFile; fileRef = F1175C0E1FE2E1D7000BCBCF /* SupTrackerTests.swift */; };
		F1175C1A1FE2E1D7000BCBCF /* SupTrackerUITests.swift in Sources */ = {isa = PBXBuildFile; fileRef = F1175C191FE2E1D7000BCBCF /* SupTrackerUITests.swift */; };
		F179E7301FEED07B00B5B7D1 /* Connectivity.swift in Sources */ = {isa = PBXBuildFile; fileRef = F179E72F1FEED07B00B5B7D1 /* Connectivity.swift */; };
		F1AF3B8A1FEEA86D0039B0B7 /* Map.storyboard in Resources */ = {isa = PBXBuildFile; fileRef = F1AF3B891FEEA86D0039B0B7 /* Map.storyboard */; };
		F1C4E0431FEEA65A00A87688 /* MapKit.framework in Frameworks */ = {isa = PBXBuildFile; fileRef = F1C4E0421FEEA65A00A87688 /* MapKit.framework */; };
		F1C4E0451FEEB7A900A87688 /* MapController.swift in Sources */ = {isa = PBXBuildFile; fileRef = F1C4E0441FEEB7A900A87688 /* MapController.swift */; };
/* End PBXBuildFile section */

/* Begin PBXContainerItemProxy section */
		F1175C0B1FE2E1D7000BCBCF /* PBXContainerItemProxy */ = {
			isa = PBXContainerItemProxy;
			containerPortal = F1175BEE1FE2E1D6000BCBCF /* Project object */;
			proxyType = 1;
			remoteGlobalIDString = F1175BF51FE2E1D6000BCBCF;
			remoteInfo = SupTracker;
		};
		F1175C161FE2E1D7000BCBCF /* PBXContainerItemProxy */ = {
			isa = PBXContainerItemProxy;
			containerPortal = F1175BEE1FE2E1D6000BCBCF /* Project object */;
			proxyType = 1;
			remoteGlobalIDString = F1175BF51FE2E1D6000BCBCF;
			remoteInfo = SupTracker;
		};
/* End PBXContainerItemProxy section */

/* Begin PBXFileReference section */
		06B735D0A546BC1517A86C4C /* Pods-SupTrackerTests.release.xcconfig */ = {isa = PBXFileReference; includeInIndex = 1; lastKnownFileType = text.xcconfig; name = "Pods-SupTrackerTests.release.xcconfig"; path = "Pods/Target Support Files/Pods-SupTrackerTests/Pods-SupTrackerTests.release.xcconfig"; sourceTree = "<group>"; };
		587BDCDCBF0E631255BE7F8E /* Pods_SupTrackerTests.framework */ = {isa = PBXFileReference; explicitFileType = wrapper.framework; includeInIndex = 0; path = Pods_SupTrackerTests.framework; sourceTree = BUILT_PRODUCTS_DIR; };
		5A25BB07D25CD7714AA4E372 /* Pods-SupTrackerUITests.debug.xcconfig */ = {isa = PBXFileReference; includeInIndex = 1; lastKnownFileType = text.xcconfig; name = "Pods-SupTrackerUITests.debug.xcconfig"; path = "Pods/Target Support Files/Pods-SupTrackerUITests/Pods-SupTrackerUITests.debug.xcconfig"; sourceTree = "<group>"; };
		63F6F76E39EEEB85C3062B54 /* Pods_SupTracker.framework */ = {isa = PBXFileReference; explicitFileType = wrapper.framework; includeInIndex = 0; path = Pods_SupTracker.framework; sourceTree = BUILT_PRODUCTS_DIR; };
		908CCF1C619121241D490602 /* Pods-SupTracker.debug.xcconfig */ = {isa = PBXFileReference; includeInIndex = 1; lastKnownFileType = text.xcconfig; name = "Pods-SupTracker.debug.xcconfig"; path = "Pods/Target Support Files/Pods-SupTracker/Pods-SupTracker.debug.xcconfig"; sourceTree = "<group>"; };
		C6E0D0CF482FA6D9F53D8D19 /* Pods-SupTrackerUITests.release.xcconfig */ = {isa = PBXFileReference; includeInIndex = 1; lastKnownFileType = text.xcconfig; name = "Pods-SupTrackerUITests.release.xcconfig"; path = "Pods/Target Support Files/Pods-SupTrackerUITests/Pods-SupTrackerUITests.release.xcconfig"; sourceTree = "<group>"; };
		CC35C05585518B04EC76F5B7 /* Pods-SupTracker.release.xcconfig */ = {isa = PBXFileReference; includeInIndex = 1; lastKnownFileType = text.xcconfig; name = "Pods-SupTracker.release.xcconfig"; path = "Pods/Target Support Files/Pods-SupTracker/Pods-SupTracker.release.xcconfig"; sourceTree = "<group>"; };
		D67EFD3CDF632438D4C8D495 /* Pods-SupTrackerTests.debug.xcconfig */ = {isa = PBXFileReference; includeInIndex = 1; lastKnownFileType = text.xcconfig; name = "Pods-SupTrackerTests.debug.xcconfig"; path = "Pods/Target Support Files/Pods-SupTrackerTests/Pods-SupTrackerTests.debug.xcconfig"; sourceTree = "<group>"; };
		E0A77339E8CDC0A9EECAF643 /* Pods_SupTrackerUITests.framework */ = {isa = PBXFileReference; explicitFileType = wrapper.framework; includeInIndex = 0; path = Pods_SupTrackerUITests.framework; sourceTree = BUILT_PRODUCTS_DIR; };
		F1175BF61FE2E1D6000BCBCF /* SupTracker.app */ = {isa = PBXFileReference; explicitFileType = wrapper.application; includeInIndex = 0; path = SupTracker.app; sourceTree = BUILT_PRODUCTS_DIR; };
		F1175BF91FE2E1D6000BCBCF /* AppDelegate.swift */ = {isa = PBXFileReference; lastKnownFileType = sourcecode.swift; path = AppDelegate.swift; sourceTree = "<group>"; };
		F1175BFB1FE2E1D6000BCBCF /* ViewController.swift */ = {isa = PBXFileReference; lastKnownFileType = sourcecode.swift; path = ViewController.swift; sourceTree = "<group>"; };
		F1175BFE1FE2E1D7000BCBCF /* Base */ = {isa = PBXFileReference; lastKnownFileType = file.storyboard; name = Base; path = Base.lproj/Main.storyboard; sourceTree = "<group>"; };
		F1175C001FE2E1D7000BCBCF /* Assets.xcassets */ = {isa = PBXFileReference; lastKnownFileType = folder.assetcatalog; path = Assets.xcassets; sourceTree = "<group>"; };
		F1175C031FE2E1D7000BCBCF /* Base */ = {isa = PBXFileReference; lastKnownFileType = file.storyboard; name = Base; path = Base.lproj/LaunchScreen.storyboard; sourceTree = "<group>"; };
		F1175C051FE2E1D7000BCBCF /* Info.plist */ = {isa = PBXFileReference; lastKnownFileType = text.plist.xml; path = Info.plist; sourceTree = "<group>"; };
		F1175C0A1FE2E1D7000BCBCF /* SupTrackerTests.xctest */ = {isa = PBXFileReference; explicitFileType = wrapper.cfbundle; includeInIndex = 0; path = SupTrackerTests.xctest; sourceTree = BUILT_PRODUCTS_DIR; };
		F1175C0E1FE2E1D7000BCBCF /* SupTrackerTests.swift */ = {isa = PBXFileReference; lastKnownFileType = sourcecode.swift; path = SupTrackerTests.swift; sourceTree = "<group>"; };
		F1175C101FE2E1D7000BCBCF /* Info.plist */ = {isa = PBXFileReference; lastKnownFileType = text.plist.xml; path = Info.plist; sourceTree = "<group>"; };
		F1175C151FE2E1D7000BCBCF /* SupTrackerUITests.xctest */ = {isa = PBXFileReference; explicitFileType = wrapper.cfbundle; includeInIndex = 0; path = SupTrackerUITests.xctest; sourceTree = BUILT_PRODUCTS_DIR; };
		F1175C191FE2E1D7000BCBCF /* SupTrackerUITests.swift */ = {isa = PBXFileReference; lastKnownFileType = sourcecode.swift; path = SupTrackerUITests.swift; sourceTree = "<group>"; };
		F1175C1B1FE2E1D7000BCBCF /* Info.plist */ = {isa = PBXFileReference; lastKnownFileType = text.plist.xml; path = Info.plist; sourceTree = "<group>"; };
		F179E72F1FEED07B00B5B7D1 /* Connectivity.swift */ = {isa = PBXFileReference; fileEncoding = 4; lastKnownFileType = sourcecode.swift; path = Connectivity.swift; sourceTree = "<group>"; };
		F1AF3B891FEEA86D0039B0B7 /* Map.storyboard */ = {isa = PBXFileReference; fileEncoding = 4; lastKnownFileType = file.storyboard; path = Map.storyboard; sourceTree = "<group>"; };
		F1C4E0421FEEA65A00A87688 /* MapKit.framework */ = {isa = PBXFileReference; lastKnownFileType = wrapper.framework; name = MapKit.framework; path = System/Library/Frameworks/MapKit.framework; sourceTree = SDKROOT; };
		F1C4E0441FEEB7A900A87688 /* MapController.swift */ = {isa = PBXFileReference; fileEncoding = 4; lastKnownFileType = sourcecode.swift; path = MapController.swift; sourceTree = "<group>"; };
/* End PBXFileReference section */

/* Begin PBXFrameworksBuildPhase section */
		F1175BF31FE2E1D6000BCBCF /* Frameworks */ = {
			isa = PBXFrameworksBuildPhase;
			buildActionMask = 2147483647;
			files = (
				F1C4E0431FEEA65A00A87688 /* MapKit.framework in Frameworks */,
				E1D8DA4AEF43F51C93224DAB /* Pods_SupTracker.framework in Frameworks */,
			);
			runOnlyForDeploymentPostprocessing = 0;
		};
		F1175C071FE2E1D7000BCBCF /* Frameworks */ = {
			isa = PBXFrameworksBuildPhase;
			buildActionMask = 2147483647;
			files = (
				4FC5F117C299606E2BB10275 /* Pods_SupTrackerTests.framework in Frameworks */,
			);
			runOnlyForDeploymentPostprocessing = 0;
		};
		F1175C121FE2E1D7000BCBCF /* Frameworks */ = {
			isa = PBXFrameworksBuildPhase;
			buildActionMask = 2147483647;
			files = (
				68CC23DD0D61959CF1046D5E /* Pods_SupTrackerUITests.framework in Frameworks */,
			);
			runOnlyForDeploymentPostprocessing = 0;
		};
/* End PBXFrameworksBuildPhase section */

/* Begin PBXGroup section */
		6AA8E722B8891A2DB69C1DC3 /* Pods */ = {
			isa = PBXGroup;
			children = (
				908CCF1C619121241D490602 /* Pods-SupTracker.debug.xcconfig */,
				CC35C05585518B04EC76F5B7 /* Pods-SupTracker.release.xcconfig */,
				D67EFD3CDF632438D4C8D495 /* Pods-SupTrackerTests.debug.xcconfig */,
				06B735D0A546BC1517A86C4C /* Pods-SupTrackerTests.release.xcconfig */,
				5A25BB07D25CD7714AA4E372 /* Pods-SupTrackerUITests.debug.xcconfig */,
				C6E0D0CF482FA6D9F53D8D19 /* Pods-SupTrackerUITests.release.xcconfig */,
			);
			name = Pods;
			sourceTree = "<group>";
		};
		F1175BED1FE2E1D6000BCBCF = {
			isa = PBXGroup;
			children = (
				F1175BF81FE2E1D6000BCBCF /* SupTracker */,
				F1175C0D1FE2E1D7000BCBCF /* SupTrackerTests */,
				F1175C181FE2E1D7000BCBCF /* SupTrackerUITests */,
				F1175BF71FE2E1D6000BCBCF /* Products */,
				6AA8E722B8891A2DB69C1DC3 /* Pods */,
				F6BDBD14CA90AC3CDC6DAC97 /* Frameworks */,
			);
			sourceTree = "<group>";
		};
		F1175BF71FE2E1D6000BCBCF /* Products */ = {
			isa = PBXGroup;
			children = (
				F1175BF61FE2E1D6000BCBCF /* SupTracker.app */,
				F1175C0A1FE2E1D7000BCBCF /* SupTrackerTests.xctest */,
				F1175C151FE2E1D7000BCBCF /* SupTrackerUITests.xctest */,
			);
			name = Products;
			sourceTree = "<group>";
		};
		F1175BF81FE2E1D6000BCBCF /* SupTracker */ = {
			isa = PBXGroup;
			children = (
				F1175BF91FE2E1D6000BCBCF /* AppDelegate.swift */,
				F1175BFB1FE2E1D6000BCBCF /* ViewController.swift */,
				F1175BFD1FE2E1D7000BCBCF /* Main.storyboard */,
				F1AF3B891FEEA86D0039B0B7 /* Map.storyboard */,
				F1175C001FE2E1D7000BCBCF /* Assets.xcassets */,
				F1175C021FE2E1D7000BCBCF /* LaunchScreen.storyboard */,
				F1175C051FE2E1D7000BCBCF /* Info.plist */,
				F1C4E0441FEEB7A900A87688 /* MapController.swift */,
				F179E72F1FEED07B00B5B7D1 /* Connectivity.swift */,
			);
			path = SupTracker;
			sourceTree = "<group>";
		};
		F1175C0D1FE2E1D7000BCBCF /* SupTrackerTests */ = {
			isa = PBXGroup;
			children = (
				F1175C0E1FE2E1D7000BCBCF /* SupTrackerTests.swift */,
				F1175C101FE2E1D7000BCBCF /* Info.plist */,
			);
			path = SupTrackerTests;
			sourceTree = "<group>";
		};
		F1175C181FE2E1D7000BCBCF /* SupTrackerUITests */ = {
			isa = PBXGroup;
			children = (
				F1175C191FE2E1D7000BCBCF /* SupTrackerUITests.swift */,
				F1175C1B1FE2E1D7000BCBCF /* Info.plist */,
			);
			path = SupTrackerUITests;
			sourceTree = "<group>";
		};
		F6BDBD14CA90AC3CDC6DAC97 /* Frameworks */ = {
			isa = PBXGroup;
			children = (
				F1C4E0421FEEA65A00A87688 /* MapKit.framework */,
				63F6F76E39EEEB85C3062B54 /* Pods_SupTracker.framework */,
				587BDCDCBF0E631255BE7F8E /* Pods_SupTrackerTests.framework */,
				E0A77339E8CDC0A9EECAF643 /* Pods_SupTrackerUITests.framework */,
			);
			name = Frameworks;
			sourceTree = "<group>";
		};
/* End PBXGroup section */

/* Begin PBXNativeTarget section */
		F1175BF51FE2E1D6000BCBCF /* SupTracker */ = {
			isa = PBXNativeTarget;
			buildConfigurationList = F1175C1E1FE2E1D7000BCBCF /* Build configuration list for PBXNativeTarget "SupTracker" */;
			buildPhases = (
				82F9C98681B67E212B2AB30B /* [CP] Check Pods Manifest.lock */,
				F1175BF21FE2E1D6000BCBCF /* Sources */,
				F1175BF31FE2E1D6000BCBCF /* Frameworks */,
				F1175BF41FE2E1D6000BCBCF /* Resources */,
				ECD062585BAB7D9874F4DD05 /* [CP] Embed Pods Frameworks */,
				A4A72C5C017B47B5AD627608 /* [CP] Copy Pods Resources */,
			);
			buildRules = (
			);
			dependencies = (
			);
			name = SupTracker;
			productName = SupTracker;
			productReference = F1175BF61FE2E1D6000BCBCF /* SupTracker.app */;
			productType = "com.apple.product-type.application";
		};
		F1175C091FE2E1D7000BCBCF /* SupTrackerTests */ = {
			isa = PBXNativeTarget;
			buildConfigurationList = F1175C211FE2E1D7000BCBCF /* Build configuration list for PBXNativeTarget "SupTrackerTests" */;
			buildPhases = (
				D6A0C90D67683F749E336471 /* [CP] Check Pods Manifest.lock */,
				F1175C061FE2E1D7000BCBCF /* Sources */,
				F1175C071FE2E1D7000BCBCF /* Frameworks */,
				F1175C081FE2E1D7000BCBCF /* Resources */,
				833238AC35453DF62C937CD0 /* [CP] Embed Pods Frameworks */,
				2908521D06B0CD953294CFB0 /* [CP] Copy Pods Resources */,
			);
			buildRules = (
			);
			dependencies = (
				F1175C0C1FE2E1D7000BCBCF /* PBXTargetDependency */,
			);
			name = SupTrackerTests;
			productName = SupTrackerTests;
			productReference = F1175C0A1FE2E1D7000BCBCF /* SupTrackerTests.xctest */;
			productType = "com.apple.product-type.bundle.unit-test";
		};
		F1175C141FE2E1D7000BCBCF /* SupTrackerUITests */ = {
			isa = PBXNativeTarget;
			buildConfigurationList = F1175C241FE2E1D7000BCBCF /* Build configuration list for PBXNativeTarget "SupTrackerUITests" */;
			buildPhases = (
				EADFF8FDB7E9587F6278A5DC /* [CP] Check Pods Manifest.lock */,
				F1175C111FE2E1D7000BCBCF /* Sources */,
				F1175C121FE2E1D7000BCBCF /* Frameworks */,
				F1175C131FE2E1D7000BCBCF /* Resources */,
				4DEC066CF97110FDB475D8B4 /* [CP] Embed Pods Frameworks */,
				34F7CA31A35D46A9039BDCDD /* [CP] Copy Pods Resources */,
			);
			buildRules = (
			);
			dependencies = (
				F1175C171FE2E1D7000BCBCF /* PBXTargetDependency */,
			);
			name = SupTrackerUITests;
			productName = SupTrackerUITests;
			productReference = F1175C151FE2E1D7000BCBCF /* SupTrackerUITests.xctest */;
			productType = "com.apple.product-type.bundle.ui-testing";
		};
/* End PBXNativeTarget section */

/* Begin PBXProject section */
		F1175BEE1FE2E1D6000BCBCF /* Project object */ = {
			isa = PBXProject;
			attributes = {
				LastSwiftUpdateCheck = 0810;
				LastUpgradeCheck = 0810;
				ORGANIZATIONNAME = Supinfo;
				TargetAttributes = {
					F1175BF51FE2E1D6000BCBCF = {
						CreatedOnToolsVersion = 8.1;
						ProvisioningStyle = Automatic;
						SystemCapabilities = {
							com.apple.Maps.iOS = {
								enabled = 1;
							};
						};
					};
					F1175C091FE2E1D7000BCBCF = {
						CreatedOnToolsVersion = 8.1;
						ProvisioningStyle = Automatic;
						TestTargetID = F1175BF51FE2E1D6000BCBCF;
					};
					F1175C141FE2E1D7000BCBCF = {
						CreatedOnToolsVersion = 8.1;
						ProvisioningStyle = Automatic;
						TestTargetID = F1175BF51FE2E1D6000BCBCF;
					};
				};
			};
			buildConfigurationList = F1175BF11FE2E1D6000BCBCF /* Build configuration list for PBXProject "SupTracker" */;
			compatibilityVersion = "Xcode 3.2";
			developmentRegion = English;
			hasScannedForEncodings = 0;
			knownRegions = (
				en,
				Base,
			);
			mainGroup = F1175BED1FE2E1D6000BCBCF;
			productRefGroup = F1175BF71FE2E1D6000BCBCF /* Products */;
			projectDirPath = "";
			projectRoot = "";
			targets = (
				F1175BF51FE2E1D6000BCBCF /* SupTracker */,
				F1175C091FE2E1D7000BCBCF /* SupTrackerTests */,
				F1175C141FE2E1D7000BCBCF /* SupTrackerUITests */,
			);
		};
/* End PBXProject section */

/* Begin PBXResourcesBuildPhase section */
		F1175BF41FE2E1D6000BCBCF /* Resources */ = {
			isa = PBXResourcesBuildPhase;
			buildActionMask = 2147483647;
			files = (
				F1175C041FE2E1D7000BCBCF /* LaunchScreen.storyboard in Resources */,
				F1175C011FE2E1D7000BCBCF /* Assets.xcassets in Resources */,
				F1AF3B8A1FEEA86D0039B0B7 /* Map.storyboard in Resources */,
				F1175BFF1FE2E1D7000BCBCF /* Main.storyboard in Resources */,
			);
			runOnlyForDeploymentPostprocessing = 0;
		};
		F1175C081FE2E1D7000BCBCF /* Resources */ = {
			isa = PBXResourcesBuildPhase;
			buildActionMask = 2147483647;
			files = (
			);
			runOnlyForDeploymentPostprocessing = 0;
		};
		F1175C131FE2E1D7000BCBCF /* Resources */ = {
			isa = PBXResourcesBuildPhase;
			buildActionMask = 2147483647;
			files = (
			);
			runOnlyForDeploymentPostprocessing = 0;
		};
/* End PBXResourcesBuildPhase section */

/* Begin PBXShellScriptBuildPhase section */
		2908521D06B0CD953294CFB0 /* [CP] Copy Pods Resources */ = {
			isa = PBXShellScriptBuildPhase;
			buildActionMask = 2147483647;
			files = (
			);
			inputPaths = (
			);
			name = "[CP] Copy Pods Resources";
			outputPaths = (
			);
			runOnlyForDeploymentPostprocessing = 0;
			shellPath = /bin/sh;
			shellScript = "\"${SRCROOT}/Pods/Target Support Files/Pods-SupTrackerTests/Pods-SupTrackerTests-resources.sh\"\n";
			showEnvVarsInLog = 0;
		};
		34F7CA31A35D46A9039BDCDD /* [CP] Copy Pods Resources */ = {
			isa = PBXShellScriptBuildPhase;
			buildActionMask = 2147483647;
			files = (
			);
			inputPaths = (
			);
			name = "[CP] Copy Pods Resources";
			outputPaths = (
			);
			runOnlyForDeploymentPostprocessing = 0;
			shellPath = /bin/sh;
			shellScript = "\"${SRCROOT}/Pods/Target Support Files/Pods-SupTrackerUITests/Pods-SupTrackerUITests-resources.sh\"\n";
			showEnvVarsInLog = 0;
		};
		4DEC066CF97110FDB475D8B4 /* [CP] Embed Pods Frameworks */ = {
			isa = PBXShellScriptBuildPhase;
			buildActionMask = 2147483647;
			files = (
			);
			inputPaths = (
			);
			name = "[CP] Embed Pods Frameworks";
			outputPaths = (
			);
			runOnlyForDeploymentPostprocessing = 0;
			shellPath = /bin/sh;
			shellScript = "\"${SRCROOT}/Pods/Target Support Files/Pods-SupTrackerUITests/Pods-SupTrackerUITests-frameworks.sh\"\n";
			showEnvVarsInLog = 0;
		};
		82F9C98681B67E212B2AB30B /* [CP] Check Pods Manifest.lock */ = {
			isa = PBXShellScriptBuildPhase;
			buildActionMask = 2147483647;
			files = (
			);
			inputPaths = (
				"${PODS_PODFILE_DIR_PATH}/Podfile.lock",
				"${PODS_ROOT}/Manifest.lock",
			);
			name = "[CP] Check Pods Manifest.lock";
			outputPaths = (
				"$(DERIVED_FILE_DIR)/Pods-SupTracker-checkManifestLockResult.txt",
			);
			runOnlyForDeploymentPostprocessing = 0;
			shellPath = /bin/sh;
			shellScript = "diff \"${PODS_PODFILE_DIR_PATH}/Podfile.lock\" \"${PODS_ROOT}/Manifest.lock\" > /dev/null\nif [ $? != 0 ] ; then\n    # print error to STDERR\n    echo \"error: The sandbox is not in sync with the Podfile.lock. Run 'pod install' or update your CocoaPods installation.\" >&2\n    exit 1\nfi\n# This output is used by Xcode 'outputs' to avoid re-running this script phase.\necho \"SUCCESS\" > \"${SCRIPT_OUTPUT_FILE_0}\"\n";
			showEnvVarsInLog = 0;
		};
		833238AC35453DF62C937CD0 /* [CP] Embed Pods Frameworks */ = {
			isa = PBXShellScriptBuildPhase;
			buildActionMask = 2147483647;
			files = (
			);
			inputPaths = (
			);
			name = "[CP] Embed Pods Frameworks";
			outputPaths = (
			);
			runOnlyForDeploymentPostprocessing = 0;
			shellPath = /bin/sh;
			shellScript = "\"${SRCROOT}/Pods/Target Support Files/Pods-SupTrackerTests/Pods-SupTrackerTests-frameworks.sh\"\n";
			showEnvVarsInLog = 0;
		};
		A4A72C5C017B47B5AD627608 /* [CP] Copy Pods Resources */ = {
			isa = PBXShellScriptBuildPhase;
			buildActionMask = 2147483647;
			files = (
			);
			inputPaths = (
			);
			name = "[CP] Copy Pods Resources";
			outputPaths = (
			);
			runOnlyForDeploymentPostprocessing = 0;
			shellPath = /bin/sh;
			shellScript = "\"${SRCROOT}/Pods/Target Support Files/Pods-SupTracker/Pods-SupTracker-resources.sh\"\n";
			showEnvVarsInLog = 0;
		};
		D6A0C90D67683F749E336471 /* [CP] Check Pods Manifest.lock */ = {
			isa = PBXShellScriptBuildPhase;
			buildActionMask = 2147483647;
			files = (
			);
			inputPaths = (
				"${PODS_PODFILE_DIR_PATH}/Podfile.lock",
				"${PODS_ROOT}/Manifest.lock",
			);
			name = "[CP] Check Pods Manifest.lock";
			outputPaths = (
				"$(DERIVED_FILE_DIR)/Pods-SupTrackerTests-checkManifestLockResult.txt",
			);
			runOnlyForDeploymentPostprocessing = 0;
			shellPath = /bin/sh;
			shellScript = "diff \"${PODS_PODFILE_DIR_PATH}/Podfile.lock\" \"${PODS_ROOT}/Manifest.lock\" > /dev/null\nif [ $? != 0 ] ; then\n    # print error to STDERR\n    echo \"error: The sandbox is not in sync with the Podfile.lock. Run 'pod install' or update your CocoaPods installation.\" >&2\n    exit 1\nfi\n# This output is used by Xcode 'outputs' to avoid re-running this script phase.\necho \"SUCCESS\" > \"${SCRIPT_OUTPUT_FILE_0}\"\n";
			showEnvVarsInLog = 0;
		};
		EADFF8FDB7E9587F6278A5DC /* [CP] Check Pods Manifest.lock */ = {
			isa = PBXShellScriptBuildPhase;
			buildActionMask = 2147483647;
			files = (
			);
			inputPaths = (
				"${PODS_PODFILE_DIR_PATH}/Podfile.lock",
				"${PODS_ROOT}/Manifest.lock",
			);
			name = "[CP] Check Pods Manifest.lock";
			outputPaths = (
				"$(DERIVED_FILE_DIR)/Pods-SupTrackerUITests-checkManifestLockResult.txt",
			);
			runOnlyForDeploymentPostprocessing = 0;
			shellPath = /bin/sh;
			shellScript = "diff \"${PODS_PODFILE_DIR_PATH}/Podfile.lock\" \"${PODS_ROOT}/Manifest.lock\" > /dev/null\nif [ $? != 0 ] ; then\n    # print error to STDERR\n    echo \"error: The sandbox is not in sync with the Podfile.lock. Run 'pod install' or update your CocoaPods installation.\" >&2\n    exit 1\nfi\n# This output is used by Xcode 'outputs' to avoid re-running this script phase.\necho \"SUCCESS\" > \"${SCRIPT_OUTPUT_FILE_0}\"\n";
			showEnvVarsInLog = 0;
		};
		ECD062585BAB7D9874F4DD05 /* [CP] Embed Pods Frameworks */ = {
			isa = PBXShellScriptBuildPhase;
			buildActionMask = 2147483647;
			files = (
			);
			inputPaths = (
				"${SRCROOT}/Pods/Target Support Files/Pods-SupTracker/Pods-SupTracker-frameworks.sh",
				"${BUILT_PRODUCTS_DIR}/Alamofire/Alamofire.framework",
				"${BUILT_PRODUCTS_DIR}/SwiftyJSON/SwiftyJSON.framework",
			);
			name = "[CP] Embed Pods Frameworks";
			outputPaths = (
				"${TARGET_BUILD_DIR}/${FRAMEWORKS_FOLDER_PATH}/Alamofire.framework",
				"${TARGET_BUILD_DIR}/${FRAMEWORKS_FOLDER_PATH}/SwiftyJSON.framework",
			);
			runOnlyForDeploymentPostprocessing = 0;
			shellPath = /bin/sh;
			shellScript = "\"${SRCROOT}/Pods/Target Support Files/Pods-SupTracker/Pods-SupTracker-frameworks.sh\"\n";
			showEnvVarsInLog = 0;
		};
/* End PBXShellScriptBuildPhase section */

/* Begin PBXSourcesBuildPhase section */
		F1175BF21FE2E1D6000BCBCF /* Sources */ = {
			isa = PBXSourcesBuildPhase;
			buildActionMask = 2147483647;
			files = (
				F179E7301FEED07B00B5B7D1 /* Connectivity.swift in Sources */,
				F1175BFC1FE2E1D6000BCBCF /* ViewController.swift in Sources */,
				F1C4E0451FEEB7A900A87688 /* MapController.swift in Sources */,
				F1175BFA1FE2E1D6000BCBCF /* AppDelegate.swift in Sources */,
			);
			runOnlyForDeploymentPostprocessing = 0;
		};
		F1175C061FE2E1D7000BCBCF /* Sources */ = {
			isa = PBXSourcesBuildPhase;
			buildActionMask = 2147483647;
			files = (
				F1175C0F1FE2E1D7000BCBCF /* SupTrackerTests.swift in Sources */,
			);
			runOnlyForDeploymentPostprocessing = 0;
		};
		F1175C111FE2E1D7000BCBCF /* Sources */ = {
			isa = PBXSourcesBuildPhase;
			buildActionMask = 2147483647;
			files = (
				F1175C1A1FE2E1D7000BCBCF /* SupTrackerUITests.swift in Sources */,
			);
			runOnlyForDeploymentPostprocessing = 0;
		};
/* End PBXSourcesBuildPhase section */

/* Begin PBXTargetDependency section */
		F1175C0C1FE2E1D7000BCBCF /* PBXTargetDependency */ = {
			isa = PBXTargetDependency;
			target = F1175BF51FE2E1D6000BCBCF /* SupTracker */;
			targetProxy = F1175C0B1FE2E1D7000BCBCF /* PBXContainerItemProxy */;
		};
		F1175C171FE2E1D7000BCBCF /* PBXTargetDependency */ = {
			isa = PBXTargetDependency;
			target = F1175BF51FE2E1D6000BCBCF /* SupTracker */;
			targetProxy = F1175C161FE2E1D7000BCBCF /* PBXContainerItemProxy */;
		};
/* End PBXTargetDependency section */

/* Begin PBXVariantGroup section */
		F1175BFD1FE2E1D7000BCBCF /* Main.storyboard */ = {
			isa = PBXVariantGroup;
			children = (
				F1175BFE1FE2E1D7000BCBCF /* Base */,
			);
			name = Main.storyboard;
			sourceTree = "<group>";
		};
		F1175C021FE2E1D7000BCBCF /* LaunchScreen.storyboard */ = {
			isa = PBXVariantGroup;
			children = (
				F1175C031FE2E1D7000BCBCF /* Base */,
			);
			name = LaunchScreen.storyboard;
			sourceTree = "<group>";
		};
/* End PBXVariantGroup section */

/* Begin XCBuildConfiguration section */
		F1175C1C1FE2E1D7000BCBCF /* Debug */ = {
			isa = XCBuildConfiguration;
			buildSettings = {
				ALWAYS_SEARCH_USER_PATHS = NO;
				CLANG_ANALYZER_NONNULL = YES;
				CLANG_CXX_LANGUAGE_STANDARD = "gnu++0x";
				CLANG_CXX_LIBRARY = "libc++";
				CLANG_ENABLE_MODULES = YES;
				CLANG_ENABLE_OBJC_ARC = YES;
				CLANG_WARN_BOOL_CONVERSION = YES;
				CLANG_WARN_CONSTANT_CONVERSION = YES;
				CLANG_WARN_DIRECT_OBJC_ISA_USAGE = YES_ERROR;
				CLANG_WARN_DOCUMENTATION_COMMENTS = YES;
				CLANG_WARN_EMPTY_BODY = YES;
				CLANG_WARN_ENUM_CONVERSION = YES;
				CLANG_WARN_INFINITE_RECURSION = YES;
				CLANG_WARN_INT_CONVERSION = YES;
				CLANG_WARN_OBJC_ROOT_CLASS = YES_ERROR;
				CLANG_WARN_SUSPICIOUS_MOVES = YES;
				CLANG_WARN_UNREACHABLE_CODE = YES;
				CLANG_WARN__DUPLICATE_METHOD_MATCH = YES;
				"CODE_SIGN_IDENTITY[sdk=iphoneos*]" = "iPhone Developer";
				COPY_PHASE_STRIP = NO;
				DEBUG_INFORMATION_FORMAT = dwarf;
				ENABLE_STRICT_OBJC_MSGSEND = YES;
				ENABLE_TESTABILITY = YES;
				GCC_C_LANGUAGE_STANDARD = gnu99;
				GCC_DYNAMIC_NO_PIC = NO;
				GCC_NO_COMMON_BLOCKS = YES;
				GCC_OPTIMIZATION_LEVEL = 0;
				GCC_PREPROCESSOR_DEFINITIONS = (
					"DEBUG=1",
					"$(inherited)",
				);
				GCC_WARN_64_TO_32_BIT_CONVERSION = YES;
				GCC_WARN_ABOUT_RETURN_TYPE = YES_ERROR;
				GCC_WARN_UNDECLARED_SELECTOR = YES;
				GCC_WARN_UNINITIALIZED_AUTOS = YES_AGGRESSIVE;
				GCC_WARN_UNUSED_FUNCTION = YES;
				GCC_WARN_UNUSED_VARIABLE = YES;
				IPHONEOS_DEPLOYMENT_TARGET = 10.1;
				MTL_ENABLE_DEBUG_INFO = YES;
				ONLY_ACTIVE_ARCH = YES;
				SDKROOT = iphoneos;
				SWIFT_ACTIVE_COMPILATION_CONDITIONS = DEBUG;
				SWIFT_OPTIMIZATION_LEVEL = "-Onone";
				TARGETED_DEVICE_FAMILY = "1,2";
			};
			name = Debug;
		};
		F1175C1D1FE2E1D7000BCBCF /* Release */ = {
			isa = XCBuildConfiguration;
			buildSettings = {
				ALWAYS_SEARCH_USER_PATHS = NO;
				CLANG_ANALYZER_NONNULL = YES;
				CLANG_CXX_LANGUAGE_STANDARD = "gnu++0x";
				CLANG_CXX_LIBRARY = "libc++";
				CLANG_ENABLE_MODULES = YES;
				CLANG_ENABLE_OBJC_ARC = YES;
				CLANG_WARN_BOOL_CONVERSION = YES;
				CLANG_WARN_CONSTANT_CONVERSION = YES;
				CLANG_WARN_DIRECT_OBJC_ISA_USAGE = YES_ERROR;
				CLANG_WARN_DOCUMENTATION_COMMENTS = YES;
				CLANG_WARN_EMPTY_BODY = YES;
				CLANG_WARN_ENUM_CONVERSION = YES;
				CLANG_WARN_INFINITE_RECURSION = YES;
				CLANG_WARN_INT_CONVERSION = YES;
				CLANG_WARN_OBJC_ROOT_CLASS = YES_ERROR;
				CLANG_WARN_SUSPICIOUS_MOVES = YES;
				CLANG_WARN_UNREACHABLE_CODE = YES;
				CLANG_WARN__DUPLICATE_METHOD_MATCH = YES;
				"CODE_SIGN_IDENTITY[sdk=iphoneos*]" = "iPhone Developer";
				COPY_PHASE_STRIP = NO;
				DEBUG_INFORMATION_FORMAT = "dwarf-with-dsym";
				ENABLE_NS_ASSERTIONS = NO;
				ENABLE_STRICT_OBJC_MSGSEND = YES;
				GCC_C_LANGUAGE_STANDARD = gnu99;
				GCC_NO_COMMON_BLOCKS = YES;
				GCC_WARN_64_TO_32_BIT_CONVERSION = YES;
				GCC_WARN_ABOUT_RETURN_TYPE = YES_ERROR;
				GCC_WARN_UNDECLARED_SELECTOR = YES;
				GCC_WARN_UNINITIALIZED_AUTOS = YES_AGGRESSIVE;
				GCC_WARN_UNUSED_FUNCTION = YES;
				GCC_WARN_UNUSED_VARIABLE = YES;
				IPHONEOS_DEPLOYMENT_TARGET = 10.1;
				MTL_ENABLE_DEBUG_INFO = NO;
				SDKROOT = iphoneos;
				SWIFT_OPTIMIZATION_LEVEL = "-Owholemodule";
				TARGETED_DEVICE_FAMILY = "1,2";
				VALIDATE_PRODUCT = YES;
			};
			name = Release;
		};
		F1175C1F1FE2E1D7000BCBCF /* Debug */ = {
			isa = XCBuildConfiguration;
			baseConfigurationReference = 908CCF1C619121241D490602 /* Pods-SupTracker.debug.xcconfig */;
			buildSettings = {
				ASSETCATALOG_COMPILER_APPICON_NAME = AppIcon;
				INFOPLIST_FILE = SupTracker/Info.plist;
				LD_RUNPATH_SEARCH_PATHS = "$(inherited) @executable_path/Frameworks";
				PRODUCT_BUNDLE_IDENTIFIER = supinfo.SupTracker;
				PRODUCT_NAME = "$(TARGET_NAME)";
				SWIFT_VERSION = 3.0;
			};
			name = Debug;
		};
		F1175C201FE2E1D7000BCBCF /* Release */ = {
			isa = XCBuildConfiguration;
			baseConfigurationReference = CC35C05585518B04EC76F5B7 /* Pods-SupTracker.release.xcconfig */;
			buildSettings = {
				ASSETCATALOG_COMPILER_APPICON_NAME = AppIcon;
				INFOPLIST_FILE = SupTracker/Info.plist;
				LD_RUNPATH_SEARCH_PATHS = "$(inherited) @executable_path/Frameworks";
				PRODUCT_BUNDLE_IDENTIFIER = supinfo.SupTracker;
				PRODUCT_NAME = "$(TARGET_NAME)";
				SWIFT_VERSION = 3.0;
			};
			name = Release;
		};
		F1175C221FE2E1D7000BCBCF /* Debug */ = {
			isa = XCBuildConfiguration;
			baseConfigurationReference = D67EFD3CDF632438D4C8D495 /* Pods-SupTrackerTests.debug.xcconfig */;
			buildSettings = {
				ALWAYS_EMBED_SWIFT_STANDARD_LIBRARIES = YES;
				BUNDLE_LOADER = "$(TEST_HOST)";
				INFOPLIST_FILE = SupTrackerTests/Info.plist;
				LD_RUNPATH_SEARCH_PATHS = "$(inherited) @executable_path/Frameworks @loader_path/Frameworks";
				PRODUCT_BUNDLE_IDENTIFIER = supinfo.SupTrackerTests;
				PRODUCT_NAME = "$(TARGET_NAME)";
				SWIFT_VERSION = 3.0;
				TEST_HOST = "$(BUILT_PRODUCTS_DIR)/SupTracker.app/SupTracker";
			};
			name = Debug;
		};
		F1175C231FE2E1D7000BCBCF /* Release */ = {
			isa = XCBuildConfiguration;
			baseConfigurationReference = 06B735D0A546BC1517A86C4C /* Pods-SupTrackerTests.release.xcconfig */;
			buildSettings = {
				ALWAYS_EMBED_SWIFT_STANDARD_LIBRARIES = YES;
				BUNDLE_LOADER = "$(TEST_HOST)";
				INFOPLIST_FILE = SupTrackerTests/Info.plist;
				LD_RUNPATH_SEARCH_PATHS = "$(inherited) @executable_path/Frameworks @loader_path/Frameworks";
				PRODUCT_BUNDLE_IDENTIFIER = supinfo.SupTrackerTests;
				PRODUCT_NAME = "$(TARGET_NAME)";
				SWIFT_VERSION = 3.0;
				TEST_HOST = "$(BUILT_PRODUCTS_DIR)/SupTracker.app/SupTracker";
			};
			name = Release;
		};
		F1175C251FE2E1D7000BCBCF /* Debug */ = {
			isa = XCBuildConfiguration;
			baseConfigurationReference = 5A25BB07D25CD7714AA4E372 /* Pods-SupTrackerUITests.debug.xcconfig */;
			buildSettings = {
				ALWAYS_EMBED_SWIFT_STANDARD_LIBRARIES = YES;
				INFOPLIST_FILE = SupTrackerUITests/Info.plist;
				LD_RUNPATH_SEARCH_PATHS = "$(inherited) @executable_path/Frameworks @loader_path/Frameworks";
				PRODUCT_BUNDLE_IDENTIFIER = supinfo.SupTrackerUITests;
				PRODUCT_NAME = "$(TARGET_NAME)";
				SWIFT_VERSION = 3.0;
				TEST_TARGET_NAME = SupTracker;
			};
			name = Debug;
		};
		F1175C261FE2E1D7000BCBCF /* Release */ = {
			isa = XCBuildConfiguration;
			baseConfigurationReference = C6E0D0CF482FA6D9F53D8D19 /* Pods-SupTrackerUITests.release.xcconfig */;
			buildSettings = {
				ALWAYS_EMBED_SWIFT_STANDARD_LIBRARIES = YES;
				INFOPLIST_FILE = SupTrackerUITests/Info.plist;
				LD_RUNPATH_SEARCH_PATHS = "$(inherited) @executable_path/Frameworks @loader_path/Frameworks";
				PRODUCT_BUNDLE_IDENTIFIER = supinfo.SupTrackerUITests;
				PRODUCT_NAME = "$(TARGET_NAME)";
				SWIFT_VERSION = 3.0;
				TEST_TARGET_NAME = SupTracker;
			};
			name = Release;
		};
/* End XCBuildConfiguration section */

/* Begin XCConfigurationList section */
		F1175BF11FE2E1D6000BCBCF /* Build configuration list for PBXProject "SupTracker" */ = {
			isa = XCConfigurationList;
			buildConfigurations = (
				F1175C1C1FE2E1D7000BCBCF /* Debug */,
				F1175C1D1FE2E1D7000BCBCF /* Release */,
			);
			defaultConfigurationIsVisible = 0;
			defaultConfigurationName = Release;
		};
		F1175C1E1FE2E1D7000BCBCF /* Build configuration list for PBXNativeTarget "SupTracker" */ = {
			isa = XCConfigurationList;
			buildConfigurations = (
				F1175C1F1FE2E1D7000BCBCF /* Debug */,
				F1175C201FE2E1D7000BCBCF /* Release */,
			);
			defaultConfigurationIsVisible = 0;
			defaultConfigurationName = Release;
		};
		F1175C211FE2E1D7000BCBCF /* Build configuration list for PBXNativeTarget "SupTrackerTests" */ = {
			isa = XCConfigurationList;
			buildConfigurations = (
				F1175C221FE2E1D7000BCBCF /* Debug */,
				F1175C231FE2E1D7000BCBCF /* Release */,
			);
			defaultConfigurationIsVisible = 0;
			defaultConfigurationName = Release;
		};
		F1175C241FE2E1D7000BCBCF /* Build configuration list for PBXNativeTarget "SupTrackerUITests" */ = {
			isa = XCConfigurationList;
			buildConfigurations = (
				F1175C251FE2E1D7000BCBCF /* Debug */,
				F1175C261FE2E1D7000BCBCF /* Release */,
			);
			defaultConfigurationIsVisible = 0;
			defaultConfigurationName = Release;
		};
/* End XCConfigurationList section */
	};
	rootObject = F1175BEE1FE2E1D6000BCBCF /* Project object */;
}
